
Microsoft Visual Studio Solution File, Format Version 12.00
# Visual Studio Version 17
VisualStudioVersion = 17.3.32929.385
MinimumVisualStudioVersion = 10.0.40219.1
Project("{9A19103F-16F7-4668-BE54-9A1E7A4F7556}") = "CRM.UI.Layer", "CRM.UI.Layer\CRM.UI.Layer.csproj", "{1121A29E-F7D1-4AA5-9C4F-202CD828D47A}"
EndProject
Project("{9A19103F-16F7-4668-BE54-9A1E7A4F7556}") = "CRM.Entity.Layer", "CRM.Entity.Layer\CRM.Entity.Layer.csproj", "{1DC47B00-F717-49A8-8285-403B72864039}"
EndProject
Project("{9A19103F-16F7-4668-BE54-9A1E7A4F7556}") = "CRM.Business.Layer", "CRM.Business.Layer\CRM.Business.Layer.csproj", "{F33AF07F-CEA3-4022-B87D-BB838C652D64}"
EndProject
Project("{9A19103F-16F7-4668-BE54-9A1E7A4F7556}") = "CRM.DataAccess.Layer", "CRM.DataAccess.Layer\CRM.DataAccess.Layer.csproj", "{8D1740C6-12FA-451E-871F-4DB7975F6142}"
EndProject
Project("{FAE04EC0-301F-11D3-BF4B-00C04F79EFBC}") = "CRM.DTO.Layer", "CRM.DTO.Layer\CRM.DTO.Layer.csproj", "{C5606B13-B0C9-4161-8756-215C76517A74}"
EndProject
Global
	GlobalSection(SolutionConfigurationPlatforms) = preSolution
		Debug|Any CPU = Debug|Any CPU
		Release|Any CPU = Release|Any CPU
	EndGlobalSection
	GlobalSection(ProjectConfigurationPlatforms) = postSolution
		{1121A29E-F7D1-4AA5-9C4F-202CD828D47A}.Debug|Any CPU.ActiveCfg = Debug|Any CPU
		{1121A29E-F7D1-4AA5-9C4F-202CD828D47A}.Debug|Any CPU.Build.0 = Debug|Any CPU
		{1121A29E-F7D1-4AA5-9C4F-202CD828D47A}.Release|Any CPU.ActiveCfg = Release|Any CPU
		{1121A29E-F7D1-4AA5-9C4F-202CD828D47A}.Release|Any CPU.Build.0 = Release|Any CPU
		{1DC47B00-F717-49A8-8285-403B72864039}.Debug|Any CPU.ActiveCfg = Debug|Any CPU
		{1DC47B00-F717-49A8-8285-403B72864039}.Debug|Any CPU.Build.0 = Debug|Any CPU
		{1DC47B00-F717-49A8-8285-403B72864039}.Release|Any CPU.ActiveCfg = Release|Any CPU
		{1DC47B00-F717-49A8-8285-403B72864039}.Release|Any CPU.Build.0 = Release|Any CPU
		{F33AF07F-CEA3-4022-B87D-BB838C652D64}.Debug|Any CPU.ActiveCfg = Debug|Any CPU
		{F33AF07F-CEA3-4022-B87D-BB838C652D64}.Debug|Any CPU.Build.0 = Debug|Any CPU
		{F33AF07F-CEA3-4022-B87D-BB838C652D64}.Release|Any CPU.ActiveCfg = Release|Any CPU
		{F33AF07F-CEA3-4022-B87D-BB838C652D64}.Release|Any CPU.Build.0 = Release|Any CPU
		{8D1740C6-12FA-451E-871F-4DB7975F6142}.Debug|Any CPU.ActiveCfg = Debug|Any CPU
		{8D1740C6-12FA-451E-871F-4DB7975F6142}.Debug|Any CPU.Build.0 = Debug|Any CPU
		{8D1740C6-12FA-451E-871F-4DB7975F6142}.Release|Any CPU.ActiveCfg = Release|Any CPU
		{8D1740C6-12FA-451E-871F-4DB7975F6142}.Release|Any CPU.Build.0 = Release|Any CPU
		{C5606B13-B0C9-4161-8756-215C76517A74}.Debug|Any CPU.ActiveCfg = Debug|Any CPU
		{C5606B13-B0C9-4161-8756-215C76517A74}.Debug|Any CPU.Build.0 = Debug|Any CPU
		{C5606B13-B0C9-4161-8756-215C76517A74}.Release|Any CPU.ActiveCfg = Release|Any CPU
		{C5606B13-B0C9-4161-8756-215C76517A74}.Release|Any CPU.Build.0 = Release|Any CPU
	EndGlobalSection
	GlobalSection(SolutionProperties) = preSolution
		HideSolutionNode = FALSE
	EndGlobalSection
	GlobalSection(ExtensibilityGlobals) = postSolution
		SolutionGuid = {E376F347-F43A-419C-A468-629814DA4809}
	EndGlobalSection
EndGlobal
